
Microsoft Visual Studio Solution File, Format Version 12.00
# Visual Studio Version 17
VisualStudioVersion = 17.6.33723.286
MinimumVisualStudioVersion = 10.0.40219.1
Project("{2150E333-8FDC-42A3-9474-1A3956D46DE8}") = "Core", "Core", "{9A030DEF-CF66-4E90-9392-AF9E1F3DD2D1}"
EndProject
Project("{2150E333-8FDC-42A3-9474-1A3956D46DE8}") = "Infrastructure", "Infrastructure", "{0BDAEE49-2F41-45B4-8D58-13FF12405B76}"
EndProject
Project("{9A19103F-16F7-4668-BE54-9A1E7A4F7556}") = "ETicaretAPI.infrastructure", "infrastructure\ETicaretAPI.infrastructure\ETicaretAPI.infrastructure.csproj", "{E5F2CB39-2378-46AA-9A25-5E5D1D6B3C67}"
EndProject
Project("{9A19103F-16F7-4668-BE54-9A1E7A4F7556}") = "ETicaretAPI.Application", "Core\ETicaretAPI.Application\ETicaretAPI.Application.csproj", "{25C0949F-6031-4DE9-B084-AA1E4743E460}"
EndProject
Project("{9A19103F-16F7-4668-BE54-9A1E7A4F7556}") = "ETicaretAPI.Domain", "Core\ETicaretAPI.Domain\ETicaretAPI.Domain.csproj", "{B5C060E6-0870-40A4-8CBF-EDA2DC29F3F2}"
EndProject
Project("{9A19103F-16F7-4668-BE54-9A1E7A4F7556}") = "ETicaretAPI.Persistence", "Infrastructure\ETicaret.Persistence\ETicaretAPI.Persistence.csproj", "{3E4BE1D7-A929-4EB4-B5C7-ADC90D30A0CA}"
EndProject
Project("{2150E333-8FDC-42A3-9474-1A3956D46DE8}") = "Presentation", "Presentation", "{45195481-FAA2-41D2-874C-CCA3AB1A813D}"
EndProject
Project("{9A19103F-16F7-4668-BE54-9A1E7A4F7556}") = "ETicaretAPI.API", "Presentation\ETicaretAPI.API\ETicaretAPI.API.csproj", "{A39B39F6-362B-465E-B813-DA0EA8E55A65}"
EndProject
Project("{2150E333-8FDC-42A3-9474-1A3956D46DE8}") = "Readme", "Readme", "{0DC2B2AD-C327-4B52-824D-D590D1DEA62E}"
	ProjectSection(SolutionItems) = preProject
		info.txt = info.txt
	EndProjectSection
EndProject
Project("{2150E333-8FDC-42A3-9474-1A3956D46DE8}") = "backup", "backup", "{247B30C6-54DD-4FA6-BA9B-61AAC5C7534F}"
	ProjectSection(SolutionItems) = preProject
		ApiToDataGridViewWrite.txt = ApiToDataGridViewWrite.txt
	EndProjectSection
EndProject
Global
	GlobalSection(SolutionConfigurationPlatforms) = preSolution
		Debug|Any CPU = Debug|Any CPU
		Release|Any CPU = Release|Any CPU
	EndGlobalSection
	GlobalSection(ProjectConfigurationPlatforms) = postSolution
		{E5F2CB39-2378-46AA-9A25-5E5D1D6B3C67}.Debug|Any CPU.ActiveCfg = Debug|Any CPU
		{E5F2CB39-2378-46AA-9A25-5E5D1D6B3C67}.Debug|Any CPU.Build.0 = Debug|Any CPU
		{E5F2CB39-2378-46AA-9A25-5E5D1D6B3C67}.Release|Any CPU.ActiveCfg = Release|Any CPU
		{E5F2CB39-2378-46AA-9A25-5E5D1D6B3C67}.Release|Any CPU.Build.0 = Release|Any CPU
		{25C0949F-6031-4DE9-B084-AA1E4743E460}.Debug|Any CPU.ActiveCfg = Debug|Any CPU
		{25C0949F-6031-4DE9-B084-AA1E4743E460}.Debug|Any CPU.Build.0 = Debug|Any CPU
		{25C0949F-6031-4DE9-B084-AA1E4743E460}.Release|Any CPU.ActiveCfg = Release|Any CPU
		{25C0949F-6031-4DE9-B084-AA1E4743E460}.Release|Any CPU.Build.0 = Release|Any CPU
		{B5C060E6-0870-40A4-8CBF-EDA2DC29F3F2}.Debug|Any CPU.ActiveCfg = Debug|Any CPU
		{B5C060E6-0870-40A4-8CBF-EDA2DC29F3F2}.Debug|Any CPU.Build.0 = Debug|Any CPU
		{B5C060E6-0870-40A4-8CBF-EDA2DC29F3F2}.Release|Any CPU.ActiveCfg = Release|Any CPU
		{B5C060E6-0870-40A4-8CBF-EDA2DC29F3F2}.Release|Any CPU.Build.0 = Release|Any CPU
		{3E4BE1D7-A929-4EB4-B5C7-ADC90D30A0CA}.Debug|Any CPU.ActiveCfg = Debug|Any CPU
		{3E4BE1D7-A929-4EB4-B5C7-ADC90D30A0CA}.Debug|Any CPU.Build.0 = Debug|Any CPU
		{3E4BE1D7-A929-4EB4-B5C7-ADC90D30A0CA}.Release|Any CPU.ActiveCfg = Release|Any CPU
		{3E4BE1D7-A929-4EB4-B5C7-ADC90D30A0CA}.Release|Any CPU.Build.0 = Release|Any CPU
		{A39B39F6-362B-465E-B813-DA0EA8E55A65}.Debug|Any CPU.ActiveCfg = Debug|Any CPU
		{A39B39F6-362B-465E-B813-DA0EA8E55A65}.Debug|Any CPU.Build.0 = Debug|Any CPU
		{A39B39F6-362B-465E-B813-DA0EA8E55A65}.Release|Any CPU.ActiveCfg = Release|Any CPU
		{A39B39F6-362B-465E-B813-DA0EA8E55A65}.Release|Any CPU.Build.0 = Release|Any CPU
	EndGlobalSection
	GlobalSection(SolutionProperties) = preSolution
		HideSolutionNode = FALSE
	EndGlobalSection
	GlobalSection(NestedProjects) = preSolution
		{0BDAEE49-2F41-45B4-8D58-13FF12405B76} = {45195481-FAA2-41D2-874C-CCA3AB1A813D}
		{E5F2CB39-2378-46AA-9A25-5E5D1D6B3C67} = {0BDAEE49-2F41-45B4-8D58-13FF12405B76}
		{25C0949F-6031-4DE9-B084-AA1E4743E460} = {9A030DEF-CF66-4E90-9392-AF9E1F3DD2D1}
		{B5C060E6-0870-40A4-8CBF-EDA2DC29F3F2} = {9A030DEF-CF66-4E90-9392-AF9E1F3DD2D1}
		{3E4BE1D7-A929-4EB4-B5C7-ADC90D30A0CA} = {0BDAEE49-2F41-45B4-8D58-13FF12405B76}
		{A39B39F6-362B-465E-B813-DA0EA8E55A65} = {45195481-FAA2-41D2-874C-CCA3AB1A813D}
		{247B30C6-54DD-4FA6-BA9B-61AAC5C7534F} = {0DC2B2AD-C327-4B52-824D-D590D1DEA62E}
	EndGlobalSection
	GlobalSection(ExtensibilityGlobals) = postSolution
		SolutionGuid = {C0E033B4-8CC1-4649-9A94-428CF91AEBC2}
	EndGlobalSection
EndGlobal
